
Microsoft Visual Studio Solution File, Format Version 9.00
# Visual Studio 2005
Project("{FAE04EC0-301F-11D3-BF4B-00C04F79EFBC}") = "LTCAccessdata", "LTCAccessdata.csproj", "{CFB5BAEE-4271-4ABB-9E70-668F9F986890}"
EndProject
Global
	GlobalSection(SolutionConfigurationPlatforms) = preSolution
		Debug|Any CPU = Debug|Any CPU
		Release|Any CPU = Release|Any CPU
	EndGlobalSection
	GlobalSection(ProjectConfigurationPlatforms) = postSolution
		{CFB5BAEE-4271-4ABB-9E70-668F9F986890}.Debug|Any CPU.ActiveCfg = Debug|Any CPU
		{CFB5BAEE-4271-4ABB-9E70-668F9F986890}.Debug|Any CPU.Build.0 = Debug|Any CPU
		{CFB5BAEE-4271-4ABB-9E70-668F9F986890}.Release|Any CPU.ActiveCfg = Release|Any CPU
		{CFB5BAEE-4271-4ABB-9E70-668F9F986890}.Release|Any CPU.Build.0 = Release|Any CPU
	EndGlobalSection
	GlobalSection(SolutionProperties) = preSolution
		HideSolutionNode = FALSE
	EndGlobalSection
EndGlobal
